<?xml version="1.0" encoding="utf-8"?>
<Project ToolsVersion="4.0" xmlns="http://schemas.microsoft.com/developer/msbuild/2003">
  <ItemGroup>
    <Filter Include="Исходные файлы">
      <UniqueIdentifier>{4FC737F1-C7A5-4376-A066-2A32D752A2FF}</UniqueIdentifier>
      <Extensions>cpp;c;cc;cxx;c++;cppm;ixx;def;odl;idl;hpj;bat;asm;asmx</Extensions>
    </Filter>
    <Filter Include="Файлы заголовков">
      <UniqueIdentifier>{93995380-89BD-4b04-88EB-625FBE52EBFB}</UniqueIdentifier>
      <Extensions>h;hh;hpp;hxx;h++;hm;inl;inc;ipp;xsd</Extensions>
    </Filter>
    <Filter Include="Файлы ресурсов">
      <UniqueIdentifier>{67DA6AB6-F800-4c08-8B7A-83BB121AAD01}</UniqueIdentifier>
      <Extensions>rc;ico;cur;bmp;dlg;rc2;rct;bin;rgs;gif;jpg;jpeg;jpe;resx;tiff;tif;png;wav;mfcribbon-ms</Extensions>
    </Filter>
  </ItemGroup>
  <ItemGroup>
    <ClCompile Include="scr\main.cpp">
      <Filter>Исходные файлы</Filter>
    </ClCompile>
    <ClCompile Include="scr\university\Person.cpp">
      <Filter>Исходные файлы</Filter>
    </ClCompile>
    <ClCompile Include="scr\university\Student.cpp">
      <Filter>Исходные файлы</Filter>
    </ClCompile>
    <ClCompile Include="scr\serviceClasses\StringValidator.cpp">
      <Filter>Исходные файлы</Filter>
    </ClCompile>
    <ClCompile Include="scr\serviceClasses\NumberValidator.cpp">
      <Filter>Исходные файлы</Filter>
    </ClCompile>
    <ClCompile Include="scr\university\Teacher.cpp">
      <Filter>Исходные файлы</Filter>
    </ClCompile>
    <ClCompile Include="scr\university\IOPerson.cpp">
      <Filter>Исходные файлы</Filter>
    </ClCompile>
    <ClCompile Include="scr\serviceClasses\StudentIdGenerator.cpp">
      <Filter>Исходные файлы</Filter>
    </ClCompile>
    <ClCompile Include="scr\users\User.cpp">
      <Filter>Исходные файлы</Filter>
    </ClCompile>
    <ClCompile Include="scr\users\Post.cpp">
      <Filter>Исходные файлы</Filter>
    </ClCompile>
    <ClCompile Include="scr\users\PaidUser.cpp">
      <Filter>Исходные файлы</Filter>
    </ClCompile>
    <ClCompile Include="scr\users\LoginSystem.cpp">
      <Filter>Исходные файлы</Filter>
    </ClCompile>
    <ClCompile Include="scr\serviceClasses\UserIdGenerator.cpp">
      <Filter>Исходные файлы</Filter>
    </ClCompile>
    <ClCompile Include="scr\ProgramDemo.cpp">
      <Filter>Исходные файлы</Filter>
    </ClCompile>
    <ClCompile Include="scr\discountSystem\Product.cpp">
      <Filter>Исходные файлы</Filter>
    </ClCompile>
    <ClCompile Include="scr\discountSystem\DiscountBase.cpp">
      <Filter>Исходные файлы</Filter>
    </ClCompile>
    <ClCompile Include="scr\discountSystem\PercentDiscount.cpp">
      <Filter>Исходные файлы</Filter>
    </ClCompile>
    <ClCompile Include="scr\discountSystem\CertificateDiscount.cpp">
      <Filter>Исходные файлы</Filter>
    </ClCompile>
    <ClCompile Include="scr\discountSystem\IOProduct.cpp">
      <Filter>Исходные файлы</Filter>
    </ClCompile>
  </ItemGroup>
  <ItemGroup>
    <ClInclude Include="scr\university\Person.h">
      <Filter>Файлы заголовков</Filter>
    </ClInclude>
    <ClInclude Include="scr\university\Student.h">
      <Filter>Файлы заголовков</Filter>
    </ClInclude>
    <ClInclude Include="scr\serviceClasses\StringValidator.h">
      <Filter>Файлы заголовков</Filter>
    </ClInclude>
    <ClInclude Include="scr\serviceClasses\NumberValidator.h">
      <Filter>Файлы заголовков</Filter>
    </ClInclude>
    <ClInclude Include="scr\university\Teacher.h">
      <Filter>Файлы заголовков</Filter>
    </ClInclude>
    <ClInclude Include="scr\university\IOPerson.h">
      <Filter>Файлы заголовков</Filter>
    </ClInclude>
    <ClInclude Include="scr\serviceClasses\StudentIdGenerator.h">
      <Filter>Файлы заголовков</Filter>
    </ClInclude>
    <ClInclude Include="scr\users\User.h">
      <Filter>Файлы заголовков</Filter>
    </ClInclude>
    <ClInclude Include="scr\users\Post.h">
      <Filter>Файлы заголовков</Filter>
    </ClInclude>
    <ClInclude Include="scr\users\PaidUser.h">
      <Filter>Файлы заголовков</Filter>
    </ClInclude>
    <ClInclude Include="scr\users\LoginSystem.h">
      <Filter>Файлы заголовков</Filter>
    </ClInclude>
    <ClInclude Include="scr\serviceClasses\UserIdGenerator.h">
      <Filter>Файлы заголовков</Filter>
    </ClInclude>
    <ClInclude Include="scr\ProgramDemo.h">
      <Filter>Файлы заголовков</Filter>
    </ClInclude>
    <ClInclude Include="scr\discountSystem\Product.h">
      <Filter>Файлы заголовков</Filter>
    </ClInclude>
    <ClInclude Include="scr\discountSystem\ProductCategory.h">
      <Filter>Файлы заголовков</Filter>
    </ClInclude>
    <ClInclude Include="scr\discountSystem\DiscountBase.h">
      <Filter>Файлы заголовков</Filter>
    </ClInclude>
    <ClInclude Include="scr\discountSystem\PercentDiscount.h">
      <Filter>Файлы заголовков</Filter>
    </ClInclude>
    <ClInclude Include="scr\discountSystem\CertificateDiscount.h">
      <Filter>Файлы заголовков</Filter>
    </ClInclude>
    <ClInclude Include="scr\discountSystem\IOProduct.h">
      <Filter>Файлы заголовков</Filter>
    </ClInclude>
  </ItemGroup>
</Project>